
Microsoft Visual Studio Solution File, Format Version 12.00
# Visual Studio 15
VisualStudioVersion = 15.0.28307.489
MinimumVisualStudioVersion = 10.0.40219.1
Project("{FAE04EC0-301F-11D3-BF4B-00C04F79EFBC}") = "StrategyPatternPractice", "StrategyPatternPractice\StrategyPatternPractice.csproj", "{35A4E41C-419D-4528-A31C-CA41C5852775}"
EndProject
Global
	GlobalSection(SolutionConfigurationPlatforms) = preSolution
		Debug|Any CPU = Debug|Any CPU
		Release|Any CPU = Release|Any CPU
	EndGlobalSection
	GlobalSection(ProjectConfigurationPlatforms) = postSolution
		{35A4E41C-419D-4528-A31C-CA41C5852775}.Debug|Any CPU.ActiveCfg = Debug|Any CPU
		{35A4E41C-419D-4528-A31C-CA41C5852775}.Debug|Any CPU.Build.0 = Debug|Any CPU
		{35A4E41C-419D-4528-A31C-CA41C5852775}.Release|Any CPU.ActiveCfg = Release|Any CPU
		{35A4E41C-419D-4528-A31C-CA41C5852775}.Release|Any CPU.Build.0 = Release|Any CPU
	EndGlobalSection
	GlobalSection(SolutionProperties) = preSolution
		HideSolutionNode = FALSE
	EndGlobalSection
	GlobalSection(ExtensibilityGlobals) = postSolution
		SolutionGuid = {944AE009-0990-4F98-8B0A-344CA16A6E3A}
	EndGlobalSection
EndGlobal
